
Microsoft Visual Studio Solution File, Format Version 12.00
Project("{FAE04EC0-301F-11D3-BF4B-00C04F79EFBC}") = "MCafe.Api", "MCafe.Api\MCafe.Api.csproj", "{506D97AA-FF9E-44D4-9DE7-A0ABC6E2FF67}"
EndProject
Project("{2150E333-8FDC-42A3-9474-1A3956D46DE8}") = "_Solution Items", "_Solution Items", "{6FE9E06B-57B0-4298-9158-B216902182BD}"
	ProjectSection(SolutionItems) = preProject
		Readme.md = Readme.md
		admin.http = admin.http
		barista.http = barista.http
		cashier.http = cashier.http
	EndProjectSection
EndProject
Project("{2150E333-8FDC-42A3-9474-1A3956D46DE8}") = "Barista", "Barista", "{CBB1993E-9D4A-4392-B2E7-1643C927901F}"
EndProject
Project("{2150E333-8FDC-42A3-9474-1A3956D46DE8}") = "Admin", "Admin", "{CE9736E1-26AF-463D-8609-661AD815327C}"
EndProject
Project("{2150E333-8FDC-42A3-9474-1A3956D46DE8}") = "Cashier", "Cashier", "{91A66D72-7EF9-4A61-95D0-3C2DEDE94174}"
EndProject
Project("{FAE04EC0-301F-11D3-BF4B-00C04F79EFBC}") = "MCafe.Admin", "MCafe.Admin\MCafe.Admin.csproj", "{6CD38CFA-2CA3-4273-B0AD-3FC95B732B63}"
EndProject
Project("{FAE04EC0-301F-11D3-BF4B-00C04F79EFBC}") = "MCafe.Tests", "MCafe.Tests\MCafe.Tests.csproj", "{11EECAB0-2AEB-4444-ABC5-C2D342FC92BF}"
EndProject
Project("{FAE04EC0-301F-11D3-BF4B-00C04F79EFBC}") = "MCafe.Web", "MCafe.Web\MCafe.Web.csproj", "{DEE17DCD-6F28-4871-83AC-033B9FE854E4}"
EndProject
Project("{FAE04EC0-301F-11D3-BF4B-00C04F79EFBC}") = "MCafe.Shared", "MCafe.Shared\MCafe.Shared.csproj", "{F02148F5-FA86-4A86-8E84-76E44E8B951E}"
EndProject
Project("{FAE04EC0-301F-11D3-BF4B-00C04F79EFBC}") = "MCafe.Barista", "MCafe.Barista\MCafe.Barista.csproj", "{FB4A0673-996D-4594-A7AF-EE585C9AC6B1}"
EndProject
Project("{FAE04EC0-301F-11D3-BF4B-00C04F79EFBC}") = "MCafe.Cashier", "MCafe.Cashier\MCafe.Cashier.csproj", "{4C199E54-270D-49E5-90EE-9DD9D21BF09A}"
EndProject
Project("{FAE04EC0-301F-11D3-BF4B-00C04F79EFBC}") = "MCafe.Barista.Tests", "MCafe.Barista.Tests\MCafe.Barista.Tests.csproj", "{0CE65C40-61DF-470D-97F2-8685B8951EE1}"
EndProject
Project("{FAE04EC0-301F-11D3-BF4B-00C04F79EFBC}") = "MCafe.Cashier.Tests", "MCafe.Cashier.Tests\MCafe.Cashier.Tests.csproj", "{70E52102-ECAD-4280-9D1C-2F922D7A6146}"
EndProject
Project("{FAE04EC0-301F-11D3-BF4B-00C04F79EFBC}") = "MCafe.Admin.Contracts", "MCafe.Admin.Contracts\MCafe.Admin.Contracts.csproj", "{67DD649F-3919-4DBA-8C2C-A1F5C3406B35}"
EndProject
Project("{2150E333-8FDC-42A3-9474-1A3956D46DE8}") = "UI", "UI", "{219A6E59-D8D5-4BD6-8D22-4B0E10B384A7}"
EndProject
Global
	GlobalSection(SolutionConfigurationPlatforms) = preSolution
		Debug|Any CPU = Debug|Any CPU
		Release|Any CPU = Release|Any CPU
	EndGlobalSection
	GlobalSection(ProjectConfigurationPlatforms) = postSolution
		{506D97AA-FF9E-44D4-9DE7-A0ABC6E2FF67}.Debug|Any CPU.ActiveCfg = Debug|Any CPU
		{506D97AA-FF9E-44D4-9DE7-A0ABC6E2FF67}.Debug|Any CPU.Build.0 = Debug|Any CPU
		{506D97AA-FF9E-44D4-9DE7-A0ABC6E2FF67}.Release|Any CPU.ActiveCfg = Release|Any CPU
		{506D97AA-FF9E-44D4-9DE7-A0ABC6E2FF67}.Release|Any CPU.Build.0 = Release|Any CPU
		{6CD38CFA-2CA3-4273-B0AD-3FC95B732B63}.Debug|Any CPU.ActiveCfg = Debug|Any CPU
		{6CD38CFA-2CA3-4273-B0AD-3FC95B732B63}.Debug|Any CPU.Build.0 = Debug|Any CPU
		{6CD38CFA-2CA3-4273-B0AD-3FC95B732B63}.Release|Any CPU.ActiveCfg = Release|Any CPU
		{6CD38CFA-2CA3-4273-B0AD-3FC95B732B63}.Release|Any CPU.Build.0 = Release|Any CPU
		{11EECAB0-2AEB-4444-ABC5-C2D342FC92BF}.Debug|Any CPU.ActiveCfg = Debug|Any CPU
		{11EECAB0-2AEB-4444-ABC5-C2D342FC92BF}.Debug|Any CPU.Build.0 = Debug|Any CPU
		{11EECAB0-2AEB-4444-ABC5-C2D342FC92BF}.Release|Any CPU.ActiveCfg = Release|Any CPU
		{11EECAB0-2AEB-4444-ABC5-C2D342FC92BF}.Release|Any CPU.Build.0 = Release|Any CPU
		{DEE17DCD-6F28-4871-83AC-033B9FE854E4}.Debug|Any CPU.ActiveCfg = Debug|Any CPU
		{DEE17DCD-6F28-4871-83AC-033B9FE854E4}.Debug|Any CPU.Build.0 = Debug|Any CPU
		{DEE17DCD-6F28-4871-83AC-033B9FE854E4}.Release|Any CPU.ActiveCfg = Release|Any CPU
		{DEE17DCD-6F28-4871-83AC-033B9FE854E4}.Release|Any CPU.Build.0 = Release|Any CPU
		{F02148F5-FA86-4A86-8E84-76E44E8B951E}.Debug|Any CPU.ActiveCfg = Debug|Any CPU
		{F02148F5-FA86-4A86-8E84-76E44E8B951E}.Debug|Any CPU.Build.0 = Debug|Any CPU
		{F02148F5-FA86-4A86-8E84-76E44E8B951E}.Release|Any CPU.ActiveCfg = Release|Any CPU
		{F02148F5-FA86-4A86-8E84-76E44E8B951E}.Release|Any CPU.Build.0 = Release|Any CPU
		{FB4A0673-996D-4594-A7AF-EE585C9AC6B1}.Debug|Any CPU.ActiveCfg = Debug|Any CPU
		{FB4A0673-996D-4594-A7AF-EE585C9AC6B1}.Debug|Any CPU.Build.0 = Debug|Any CPU
		{FB4A0673-996D-4594-A7AF-EE585C9AC6B1}.Release|Any CPU.ActiveCfg = Release|Any CPU
		{FB4A0673-996D-4594-A7AF-EE585C9AC6B1}.Release|Any CPU.Build.0 = Release|Any CPU
		{4C199E54-270D-49E5-90EE-9DD9D21BF09A}.Debug|Any CPU.ActiveCfg = Debug|Any CPU
		{4C199E54-270D-49E5-90EE-9DD9D21BF09A}.Debug|Any CPU.Build.0 = Debug|Any CPU
		{4C199E54-270D-49E5-90EE-9DD9D21BF09A}.Release|Any CPU.ActiveCfg = Release|Any CPU
		{4C199E54-270D-49E5-90EE-9DD9D21BF09A}.Release|Any CPU.Build.0 = Release|Any CPU
		{0CE65C40-61DF-470D-97F2-8685B8951EE1}.Debug|Any CPU.ActiveCfg = Debug|Any CPU
		{0CE65C40-61DF-470D-97F2-8685B8951EE1}.Debug|Any CPU.Build.0 = Debug|Any CPU
		{0CE65C40-61DF-470D-97F2-8685B8951EE1}.Release|Any CPU.ActiveCfg = Release|Any CPU
		{0CE65C40-61DF-470D-97F2-8685B8951EE1}.Release|Any CPU.Build.0 = Release|Any CPU
		{70E52102-ECAD-4280-9D1C-2F922D7A6146}.Debug|Any CPU.ActiveCfg = Debug|Any CPU
		{70E52102-ECAD-4280-9D1C-2F922D7A6146}.Debug|Any CPU.Build.0 = Debug|Any CPU
		{70E52102-ECAD-4280-9D1C-2F922D7A6146}.Release|Any CPU.ActiveCfg = Release|Any CPU
		{70E52102-ECAD-4280-9D1C-2F922D7A6146}.Release|Any CPU.Build.0 = Release|Any CPU
		{67DD649F-3919-4DBA-8C2C-A1F5C3406B35}.Debug|Any CPU.ActiveCfg = Debug|Any CPU
		{67DD649F-3919-4DBA-8C2C-A1F5C3406B35}.Debug|Any CPU.Build.0 = Debug|Any CPU
		{67DD649F-3919-4DBA-8C2C-A1F5C3406B35}.Release|Any CPU.ActiveCfg = Release|Any CPU
		{67DD649F-3919-4DBA-8C2C-A1F5C3406B35}.Release|Any CPU.Build.0 = Release|Any CPU
	EndGlobalSection
	GlobalSection(NestedProjects) = preSolution
		{6CD38CFA-2CA3-4273-B0AD-3FC95B732B63} = {CE9736E1-26AF-463D-8609-661AD815327C}
		{FB4A0673-996D-4594-A7AF-EE585C9AC6B1} = {CBB1993E-9D4A-4392-B2E7-1643C927901F}
		{4C199E54-270D-49E5-90EE-9DD9D21BF09A} = {91A66D72-7EF9-4A61-95D0-3C2DEDE94174}
		{0CE65C40-61DF-470D-97F2-8685B8951EE1} = {CBB1993E-9D4A-4392-B2E7-1643C927901F}
		{70E52102-ECAD-4280-9D1C-2F922D7A6146} = {91A66D72-7EF9-4A61-95D0-3C2DEDE94174}
		{67DD649F-3919-4DBA-8C2C-A1F5C3406B35} = {CE9736E1-26AF-463D-8609-661AD815327C}
		{DEE17DCD-6F28-4871-83AC-033B9FE854E4} = {219A6E59-D8D5-4BD6-8D22-4B0E10B384A7}
	EndGlobalSection
EndGlobal
